
Microsoft Visual Studio Solution File, Format Version 12.00
# Visual Studio Version 17
VisualStudioVersion = 17.1.32210.238
MinimumVisualStudioVersion = 10.0.40219.1
Project("{FAE04EC0-301F-11D3-BF4B-00C04F79EFBC}") = "GlitchedCat.Domain", "GlitchedCat.Domain\GlitchedCat.Domain.csproj", "{1D140AA2-9E9D-4B43-AB96-43D122768741}"
EndProject
Project("{FAE04EC0-301F-11D3-BF4B-00C04F79EFBC}") = "GlitchedCat.Application", "GlitchedCat.Application\GlitchedCat.Application.csproj", "{A31E255F-B22B-4897-9584-9A4867244505}"
EndProject
Project("{FAE04EC0-301F-11D3-BF4B-00C04F79EFBC}") = "GlitchedCat.Infra.Data", "GlitchedCat.Infra.Data\GlitchedCat.Infra.Data.csproj", "{5E70CC9E-B072-4F6B-8AAF-8FEC01D0BE97}"
EndProject
Project("{FAE04EC0-301F-11D3-BF4B-00C04F79EFBC}") = "GlitchedCat.Infra.IoC", "GlitchedCat.Infra.IoC\GlitchedCat.Infra.IoC.csproj", "{FB712172-A3F0-4FC3-ADF8-26A15DCE0F01}"
EndProject
Project("{FAE04EC0-301F-11D3-BF4B-00C04F79EFBC}") = "GlitchedCat.API", "GlitchedCat.API\GlitchedCat.API.csproj", "{AA985B2E-2D52-45E0-96BF-4074D83CC880}"
EndProject
Project("{FAE04EC0-301F-11D3-BF4B-00C04F79EFBC}") = "GlitchedCat.Test", "GlitchedCat.Test\GlitchedCat.Test.csproj", "{B9D146B3-C16F-4E68-8034-356A88A44B1D}"
EndProject
Global
	GlobalSection(SolutionConfigurationPlatforms) = preSolution
		Debug|Any CPU = Debug|Any CPU
		Release|Any CPU = Release|Any CPU
	EndGlobalSection
	GlobalSection(ProjectConfigurationPlatforms) = postSolution
		{1D140AA2-9E9D-4B43-AB96-43D122768741}.Debug|Any CPU.ActiveCfg = Debug|Any CPU
		{1D140AA2-9E9D-4B43-AB96-43D122768741}.Debug|Any CPU.Build.0 = Debug|Any CPU
		{1D140AA2-9E9D-4B43-AB96-43D122768741}.Release|Any CPU.ActiveCfg = Release|Any CPU
		{1D140AA2-9E9D-4B43-AB96-43D122768741}.Release|Any CPU.Build.0 = Release|Any CPU
		{A31E255F-B22B-4897-9584-9A4867244505}.Debug|Any CPU.ActiveCfg = Debug|Any CPU
		{A31E255F-B22B-4897-9584-9A4867244505}.Debug|Any CPU.Build.0 = Debug|Any CPU
		{A31E255F-B22B-4897-9584-9A4867244505}.Release|Any CPU.ActiveCfg = Release|Any CPU
		{A31E255F-B22B-4897-9584-9A4867244505}.Release|Any CPU.Build.0 = Release|Any CPU
		{5E70CC9E-B072-4F6B-8AAF-8FEC01D0BE97}.Debug|Any CPU.ActiveCfg = Debug|Any CPU
		{5E70CC9E-B072-4F6B-8AAF-8FEC01D0BE97}.Debug|Any CPU.Build.0 = Debug|Any CPU
		{5E70CC9E-B072-4F6B-8AAF-8FEC01D0BE97}.Release|Any CPU.ActiveCfg = Release|Any CPU
		{5E70CC9E-B072-4F6B-8AAF-8FEC01D0BE97}.Release|Any CPU.Build.0 = Release|Any CPU
		{FB712172-A3F0-4FC3-ADF8-26A15DCE0F01}.Debug|Any CPU.ActiveCfg = Debug|Any CPU
		{FB712172-A3F0-4FC3-ADF8-26A15DCE0F01}.Debug|Any CPU.Build.0 = Debug|Any CPU
		{FB712172-A3F0-4FC3-ADF8-26A15DCE0F01}.Release|Any CPU.ActiveCfg = Release|Any CPU
		{FB712172-A3F0-4FC3-ADF8-26A15DCE0F01}.Release|Any CPU.Build.0 = Release|Any CPU
		{AA985B2E-2D52-45E0-96BF-4074D83CC880}.Debug|Any CPU.ActiveCfg = Debug|Any CPU
		{AA985B2E-2D52-45E0-96BF-4074D83CC880}.Debug|Any CPU.Build.0 = Debug|Any CPU
		{AA985B2E-2D52-45E0-96BF-4074D83CC880}.Release|Any CPU.ActiveCfg = Release|Any CPU
		{AA985B2E-2D52-45E0-96BF-4074D83CC880}.Release|Any CPU.Build.0 = Release|Any CPU
		{B9D146B3-C16F-4E68-8034-356A88A44B1D}.Debug|Any CPU.ActiveCfg = Debug|Any CPU
		{B9D146B3-C16F-4E68-8034-356A88A44B1D}.Debug|Any CPU.Build.0 = Debug|Any CPU
		{B9D146B3-C16F-4E68-8034-356A88A44B1D}.Release|Any CPU.ActiveCfg = Release|Any CPU
		{B9D146B3-C16F-4E68-8034-356A88A44B1D}.Release|Any CPU.Build.0 = Release|Any CPU
	EndGlobalSection
	GlobalSection(SolutionProperties) = preSolution
		HideSolutionNode = FALSE
	EndGlobalSection
	GlobalSection(ExtensibilityGlobals) = postSolution
		SolutionGuid = {AE48442E-4493-4A70-8244-041807278ED0}
	EndGlobalSection
EndGlobal
